{
    "_readme": [
        "This file locks the dependencies of your project to a known state",
        "Read more about it at https://getcomposer.org/doc/01-basic-usage.md#installing-dependencies",
        "This file is @generated automatically"
    ],
    "content-hash": "8e73acc2936d927bee1920e2f324f8c1",
    "packages": [
        {
            "name": "psr/http-message",
            "version": "dev-master",
            "source": {
                "type": "git",
                "url": "https://github.com/php-fig/http-message.git",
                "reference": "efd67d1dc14a7ef4fc4e518e7dee91c271d524e4"
            },
            "dist": {
                "type": "zip",
                "url": "https://api.github.com/repos/php-fig/http-message/zipball/efd67d1dc14a7ef4fc4e518e7dee91c271d524e4",
                "reference": "efd67d1dc14a7ef4fc4e518e7dee91c271d524e4",
                "shasum": ""
            },
            "require": {
                "php": ">=5.3.0"
            },
            "type": "library",
            "extra": {
                "branch-alias": {
                    "dev-master": "1.0.x-dev"
                }
            },
            "autoload": {
                "psr-4": {
                    "Psr\\Http\\Message\\": "src/"
                }
            },
            "notification-url": "https://packagist.org/downloads/",
            "license": [
                "MIT"
            ],
            "authors": [
                {
                    "name": "PHP-FIG",
                    "homepage": "http://www.php-fig.org/"
                }
            ],
            "description": "Common interface for HTTP messages",
            "homepage": "https://github.com/php-fig/http-message",
            "keywords": [
                "http",
                "http-message",
                "psr",
                "psr-7",
                "request",
                "response"
            ],
            "time": "2019-08-29T13:16:46+00:00"
        },
        {
            "name": "swlib/http",
            "version": "dev-master",
            "source": {
                "type": "git",
                "url": "https://github.com/swlib/http.git",
                "reference": "d8ad0b0aed67ab9d1b18a6ce87c40813c0e00060"
            },
            "dist": {
                "type": "zip",
                "url": "https://api.github.com/repos/swlib/http/zipball/d8ad0b0aed67ab9d1b18a6ce87c40813c0e00060",
                "reference": "d8ad0b0aed67ab9d1b18a6ce87c40813c0e00060",
                "shasum": ""
            },
            "require": {
                "php": ">=7.0",
                "psr/http-message": "~1.0"
            },
            "require-dev": {
                "eaglewu/swoole-ide-helper": "dev-master",
                "phpunit/phpunit": "~7"
            },
            "type": "library",
            "autoload": {
                "files": [
                    "src/functions.php"
                ],
                "psr-4": {
                    "Swlib\\Http\\": "src"
                }
            },
            "notification-url": "https://packagist.org/downloads/",
            "license": [
                "MIT"
            ],
            "authors": [
                {
                    "name": "twosee",
                    "email": "twose@qq.com"
                }
            ],
            "description": "Swlib-HTTP base class repository, PSR implementation",
            "keywords": [
                "http",
                "php",
                "psr7",
                "swoole"
            ],
            "time": "2019-09-24T06:38:56+00:00"
        },
        {
            "name": "swlib/saber",
            "version": "dev-master",
            "source": {
                "type": "git",
                "url": "https://github.com/swlib/saber.git",
                "reference": "9ab950f099a6af4bad62c0e7ac844928b9023ae9"
            },
            "dist": {
                "type": "zip",
                "url": "https://api.github.com/repos/swlib/saber/zipball/9ab950f099a6af4bad62c0e7ac844928b9023ae9",
                "reference": "9ab950f099a6af4bad62c0e7ac844928b9023ae9",
                "shasum": ""
            },
            "require": {
                "php": ">=7.0",
                "swlib/http": "dev-master",
                "swlib/util": "dev-master"
            },
            "require-dev": {
                "phpunit/phpunit": "~7"
            },
            "type": "library",
            "autoload": {
                "classmap": [
                    "src/Saber.php",
                    "src/SaberGM.php"
                ],
                "psr-4": {
                    "Swlib\\Saber\\": "src"
                },
                "files": [
                    "src/include/functions.php"
                ]
            },
            "notification-url": "https://packagist.org/downloads/",
            "license": [
                "Apache-2.0"
            ],
            "authors": [
                {
                    "name": "twosee",
                    "email": "twose@qq.com"
                }
            ],
            "description": "Swoole coroutine HTTP client",
            "keywords": [
                "ajax",
                "axios",
                "client",
                "coroutine",
                "curl",
                "http",
                "php",
                "psr7",
                "requests",
                "swoole"
            ],
            "time": "2019-09-27T06:19:15+00:00"
        },
        {
            "name": "swlib/util",
            "version": "dev-master",
            "source": {
                "type": "git",
                "url": "https://github.com/swlib/util.git",
                "reference": "fef70221e224940334beab7bc5c7e739948eada5"
            },
            "dist": {
                "type": "zip",
                "url": "https://api.github.com/repos/swlib/util/zipball/fef70221e224940334beab7bc5c7e739948eada5",
                "reference": "fef70221e224940334beab7bc5c7e739948eada5",
                "shasum": ""
            },
            "require": {
                "php": ">=7.0"
            },
            "require-dev": {
                "eaglewu/swoole-ide-helper": "dev-master",
                "phpunit/phpunit": "~7"
            },
            "type": "library",
            "autoload": {
                "psr-4": {
                    "Swlib\\Util\\": "src"
                }
            },
            "notification-url": "https://packagist.org/downloads/",
            "license": [
                "Apache-2.0"
            ],
            "authors": [
                {
                    "name": "twosee",
                    "email": "twose@qq.com"
                }
            ],
            "description": "Swlib Toolkit",
            "keywords": [
                "php",
                "swlib",
                "swoole",
                "util"
            ],
            "time": "2019-04-17T07:23:31+00:00"
        }
    ],
    "packages-dev": [],
    "aliases": [],
    "minimum-stability": "dev",
    "stability-flags": [],
    "prefer-stable": false,
    "prefer-lowest": false,
    "platform": {
        "php": ">=7.2",
        "ext-swoole": ">=4.4.0"
    },
    "platform-dev": []
}
